
Microsoft Visual Studio Solution File, Format Version 12.00
# Visual Studio Version 16
VisualStudioVersion = 16.0.28803.202
MinimumVisualStudioVersion = 10.0.40219.1
Project("{9A19103F-16F7-4668-BE54-9A1E7A4F7556}") = "ConsignmentShopLibrary", "ConsignmentShopLibrary\ConsignmentShopLibrary.csproj", "{D2A434AA-4734-48A3-9BFA-AD6420707326}"
EndProject
Project("{FAE04EC0-301F-11D3-BF4B-00C04F79EFBC}") = "ConsignmentShopUI", "ConsignmentShopUI\ConsignmentShopUI.csproj", "{D5FE575E-ECF7-4ABB-A128-68CF615AE210}"
EndProject
Global
	GlobalSection(SolutionConfigurationPlatforms) = preSolution
		Debug|Any CPU = Debug|Any CPU
		Release|Any CPU = Release|Any CPU
	EndGlobalSection
	GlobalSection(ProjectConfigurationPlatforms) = postSolution
		{D2A434AA-4734-48A3-9BFA-AD6420707326}.Debug|Any CPU.ActiveCfg = Debug|Any CPU
		{D2A434AA-4734-48A3-9BFA-AD6420707326}.Debug|Any CPU.Build.0 = Debug|Any CPU
		{D2A434AA-4734-48A3-9BFA-AD6420707326}.Release|Any CPU.ActiveCfg = Release|Any CPU
		{D2A434AA-4734-48A3-9BFA-AD6420707326}.Release|Any CPU.Build.0 = Release|Any CPU
		{D5FE575E-ECF7-4ABB-A128-68CF615AE210}.Debug|Any CPU.ActiveCfg = Debug|Any CPU
		{D5FE575E-ECF7-4ABB-A128-68CF615AE210}.Debug|Any CPU.Build.0 = Debug|Any CPU
		{D5FE575E-ECF7-4ABB-A128-68CF615AE210}.Release|Any CPU.ActiveCfg = Release|Any CPU
		{D5FE575E-ECF7-4ABB-A128-68CF615AE210}.Release|Any CPU.Build.0 = Release|Any CPU
	EndGlobalSection
	GlobalSection(SolutionProperties) = preSolution
		HideSolutionNode = FALSE
	EndGlobalSection
	GlobalSection(ExtensibilityGlobals) = postSolution
		SolutionGuid = {4E52EBAD-B087-4151-BAC4-17F58D546AE4}
	EndGlobalSection
EndGlobal
